
Microsoft Visual Studio Solution File, Format Version 12.00
# Visual Studio Version 17
VisualStudioVersion = 17.13.35825.156
MinimumVisualStudioVersion = 10.0.40219.1
Project("{8BC9CEB8-8B4A-11D0-8D11-00A0C91BC942}") = "WindowsProject1", "WindowsProject1\WindowsProject1.vcxproj", "{B3B23C0A-6C03-4D11-804A-D79F473868FD}"
EndProject
Project("{8BC9CEB8-8B4A-11D0-8D11-00A0C91BC942}") = "LabProjcets02", "LabProjcets02\LabProjcets02.vcxproj", "{AA2EC0EB-91DD-4708-95B8-83FBB46ABBC8}"
EndProject
Project("{8BC9CEB8-8B4A-11D0-8D11-00A0C91BC942}") = "LabProject03", "LabProject03\LabProject03.vcxproj", "{5B319E18-5936-4214-BA37-27C67EC4DA2B}"
EndProject
Project("{8BC9CEB8-8B4A-11D0-8D11-00A0C91BC942}") = "LabProject04", "LabProject04\LabProject04.vcxproj", "{FDC25C42-C676-46C8-8276-63F7A4D5C7DF}"
EndProject
Project("{8BC9CEB8-8B4A-11D0-8D11-00A0C91BC942}") = "LabProject05", "LabProject05\LabProject05.vcxproj", "{D7DCFCC8-A691-42FD-B89C-5DC744D374B1}"
EndProject
Project("{8BC9CEB8-8B4A-11D0-8D11-00A0C91BC942}") = "LabProject05-1", "LabProject05-1\LabProject05-1.vcxproj", "{6A01BD4C-891E-4039-B03D-F6703219297A}"
EndProject
Project("{8BC9CEB8-8B4A-11D0-8D11-00A0C91BC942}") = "LabProject06", "LabProject06\LabProject06.vcxproj", "{FF94FCAF-6725-47EE-B064-E05BDFA8EF91}"
EndProject
Project("{8BC9CEB8-8B4A-11D0-8D11-00A0C91BC942}") = "LabProject07", "LabProject07\LabProject07.vcxproj", "{0F4CDE2F-E7D8-49B3-B329-0CDA83028C10}"
EndProject
Project("{8BC9CEB8-8B4A-11D0-8D11-00A0C91BC942}") = "LabProject08", "LabProject08\LabProject08.vcxproj", "{72542095-A7D5-4225-87B3-2594BD60BFAA}"
EndProject
Project("{8BC9CEB8-8B4A-11D0-8D11-00A0C91BC942}") = "LabProject09", "LabProject09\LabProject09.vcxproj", "{7220C596-B73E-4505-8E80-26A1727E39E5}"
EndProject
Global
	GlobalSection(SolutionConfigurationPlatforms) = preSolution
		Debug|x64 = Debug|x64
		Debug|x86 = Debug|x86
		Release|x64 = Release|x64
		Release|x86 = Release|x86
	EndGlobalSection
	GlobalSection(ProjectConfigurationPlatforms) = postSolution
		{B3B23C0A-6C03-4D11-804A-D79F473868FD}.Debug|x64.ActiveCfg = Debug|x64
		{B3B23C0A-6C03-4D11-804A-D79F473868FD}.Debug|x64.Build.0 = Debug|x64
		{B3B23C0A-6C03-4D11-804A-D79F473868FD}.Debug|x86.ActiveCfg = Debug|Win32
		{B3B23C0A-6C03-4D11-804A-D79F473868FD}.Debug|x86.Build.0 = Debug|Win32
		{B3B23C0A-6C03-4D11-804A-D79F473868FD}.Release|x64.ActiveCfg = Release|x64
		{B3B23C0A-6C03-4D11-804A-D79F473868FD}.Release|x64.Build.0 = Release|x64
		{B3B23C0A-6C03-4D11-804A-D79F473868FD}.Release|x86.ActiveCfg = Release|Win32
		{B3B23C0A-6C03-4D11-804A-D79F473868FD}.Release|x86.Build.0 = Release|Win32
		{AA2EC0EB-91DD-4708-95B8-83FBB46ABBC8}.Debug|x64.ActiveCfg = Debug|x64
		{AA2EC0EB-91DD-4708-95B8-83FBB46ABBC8}.Debug|x64.Build.0 = Debug|x64
		{AA2EC0EB-91DD-4708-95B8-83FBB46ABBC8}.Debug|x86.ActiveCfg = Debug|Win32
		{AA2EC0EB-91DD-4708-95B8-83FBB46ABBC8}.Debug|x86.Build.0 = Debug|Win32
		{AA2EC0EB-91DD-4708-95B8-83FBB46ABBC8}.Release|x64.ActiveCfg = Release|x64
		{AA2EC0EB-91DD-4708-95B8-83FBB46ABBC8}.Release|x64.Build.0 = Release|x64
		{AA2EC0EB-91DD-4708-95B8-83FBB46ABBC8}.Release|x86.ActiveCfg = Release|Win32
		{AA2EC0EB-91DD-4708-95B8-83FBB46ABBC8}.Release|x86.Build.0 = Release|Win32
		{5B319E18-5936-4214-BA37-27C67EC4DA2B}.Debug|x64.ActiveCfg = Debug|x64
		{5B319E18-5936-4214-BA37-27C67EC4DA2B}.Debug|x64.Build.0 = Debug|x64
		{5B319E18-5936-4214-BA37-27C67EC4DA2B}.Debug|x86.ActiveCfg = Debug|Win32
		{5B319E18-5936-4214-BA37-27C67EC4DA2B}.Debug|x86.Build.0 = Debug|Win32
		{5B319E18-5936-4214-BA37-27C67EC4DA2B}.Release|x64.ActiveCfg = Release|x64
		{5B319E18-5936-4214-BA37-27C67EC4DA2B}.Release|x64.Build.0 = Release|x64
		{5B319E18-5936-4214-BA37-27C67EC4DA2B}.Release|x86.ActiveCfg = Release|Win32
		{5B319E18-5936-4214-BA37-27C67EC4DA2B}.Release|x86.Build.0 = Release|Win32
		{FDC25C42-C676-46C8-8276-63F7A4D5C7DF}.Debug|x64.ActiveCfg = Debug|x64
		{FDC25C42-C676-46C8-8276-63F7A4D5C7DF}.Debug|x64.Build.0 = Debug|x64
		{FDC25C42-C676-46C8-8276-63F7A4D5C7DF}.Debug|x86.ActiveCfg = Debug|Win32
		{FDC25C42-C676-46C8-8276-63F7A4D5C7DF}.Debug|x86.Build.0 = Debug|Win32
		{FDC25C42-C676-46C8-8276-63F7A4D5C7DF}.Release|x64.ActiveCfg = Release|x64
		{FDC25C42-C676-46C8-8276-63F7A4D5C7DF}.Release|x64.Build.0 = Release|x64
		{FDC25C42-C676-46C8-8276-63F7A4D5C7DF}.Release|x86.ActiveCfg = Release|Win32
		{FDC25C42-C676-46C8-8276-63F7A4D5C7DF}.Release|x86.Build.0 = Release|Win32
		{D7DCFCC8-A691-42FD-B89C-5DC744D374B1}.Debug|x64.ActiveCfg = Debug|x64
		{D7DCFCC8-A691-42FD-B89C-5DC744D374B1}.Debug|x64.Build.0 = Debug|x64
		{D7DCFCC8-A691-42FD-B89C-5DC744D374B1}.Debug|x86.ActiveCfg = Debug|Win32
		{D7DCFCC8-A691-42FD-B89C-5DC744D374B1}.Debug|x86.Build.0 = Debug|Win32
		{D7DCFCC8-A691-42FD-B89C-5DC744D374B1}.Release|x64.ActiveCfg = Release|x64
		{D7DCFCC8-A691-42FD-B89C-5DC744D374B1}.Release|x64.Build.0 = Release|x64
		{D7DCFCC8-A691-42FD-B89C-5DC744D374B1}.Release|x86.ActiveCfg = Release|Win32
		{D7DCFCC8-A691-42FD-B89C-5DC744D374B1}.Release|x86.Build.0 = Release|Win32
		{6A01BD4C-891E-4039-B03D-F6703219297A}.Debug|x64.ActiveCfg = Debug|x64
		{6A01BD4C-891E-4039-B03D-F6703219297A}.Debug|x64.Build.0 = Debug|x64
		{6A01BD4C-891E-4039-B03D-F6703219297A}.Debug|x86.ActiveCfg = Debug|Win32
		{6A01BD4C-891E-4039-B03D-F6703219297A}.Debug|x86.Build.0 = Debug|Win32
		{6A01BD4C-891E-4039-B03D-F6703219297A}.Release|x64.ActiveCfg = Release|x64
		{6A01BD4C-891E-4039-B03D-F6703219297A}.Release|x64.Build.0 = Release|x64
		{6A01BD4C-891E-4039-B03D-F6703219297A}.Release|x86.ActiveCfg = Release|Win32
		{6A01BD4C-891E-4039-B03D-F6703219297A}.Release|x86.Build.0 = Release|Win32
		{FF94FCAF-6725-47EE-B064-E05BDFA8EF91}.Debug|x64.ActiveCfg = Debug|x64
		{FF94FCAF-6725-47EE-B064-E05BDFA8EF91}.Debug|x64.Build.0 = Debug|x64
		{FF94FCAF-6725-47EE-B064-E05BDFA8EF91}.Debug|x86.ActiveCfg = Debug|Win32
		{FF94FCAF-6725-47EE-B064-E05BDFA8EF91}.Debug|x86.Build.0 = Debug|Win32
		{FF94FCAF-6725-47EE-B064-E05BDFA8EF91}.Release|x64.ActiveCfg = Release|x64
		{FF94FCAF-6725-47EE-B064-E05BDFA8EF91}.Release|x64.Build.0 = Release|x64
		{FF94FCAF-6725-47EE-B064-E05BDFA8EF91}.Release|x86.ActiveCfg = Release|Win32
		{FF94FCAF-6725-47EE-B064-E05BDFA8EF91}.Release|x86.Build.0 = Release|Win32
		{0F4CDE2F-E7D8-49B3-B329-0CDA83028C10}.Debug|x64.ActiveCfg = Debug|x64
		{0F4CDE2F-E7D8-49B3-B329-0CDA83028C10}.Debug|x64.Build.0 = Debug|x64
		{0F4CDE2F-E7D8-49B3-B329-0CDA83028C10}.Debug|x86.ActiveCfg = Debug|Win32
		{0F4CDE2F-E7D8-49B3-B329-0CDA83028C10}.Debug|x86.Build.0 = Debug|Win32
		{0F4CDE2F-E7D8-49B3-B329-0CDA83028C10}.Release|x64.ActiveCfg = Release|x64
		{0F4CDE2F-E7D8-49B3-B329-0CDA83028C10}.Release|x64.Build.0 = Release|x64
		{0F4CDE2F-E7D8-49B3-B329-0CDA83028C10}.Release|x86.ActiveCfg = Release|Win32
		{0F4CDE2F-E7D8-49B3-B329-0CDA83028C10}.Release|x86.Build.0 = Release|Win32
		{72542095-A7D5-4225-87B3-2594BD60BFAA}.Debug|x64.ActiveCfg = Debug|x64
		{72542095-A7D5-4225-87B3-2594BD60BFAA}.Debug|x64.Build.0 = Debug|x64
		{72542095-A7D5-4225-87B3-2594BD60BFAA}.Debug|x86.ActiveCfg = Debug|Win32
		{72542095-A7D5-4225-87B3-2594BD60BFAA}.Debug|x86.Build.0 = Debug|Win32
		{72542095-A7D5-4225-87B3-2594BD60BFAA}.Release|x64.ActiveCfg = Release|x64
		{72542095-A7D5-4225-87B3-2594BD60BFAA}.Release|x64.Build.0 = Release|x64
		{72542095-A7D5-4225-87B3-2594BD60BFAA}.Release|x86.ActiveCfg = Release|Win32
		{72542095-A7D5-4225-87B3-2594BD60BFAA}.Release|x86.Build.0 = Release|Win32
		{7220C596-B73E-4505-8E80-26A1727E39E5}.Debug|x64.ActiveCfg = Debug|x64
		{7220C596-B73E-4505-8E80-26A1727E39E5}.Debug|x64.Build.0 = Debug|x64
		{7220C596-B73E-4505-8E80-26A1727E39E5}.Debug|x86.ActiveCfg = Debug|Win32
		{7220C596-B73E-4505-8E80-26A1727E39E5}.Debug|x86.Build.0 = Debug|Win32
		{7220C596-B73E-4505-8E80-26A1727E39E5}.Release|x64.ActiveCfg = Release|x64
		{7220C596-B73E-4505-8E80-26A1727E39E5}.Release|x64.Build.0 = Release|x64
		{7220C596-B73E-4505-8E80-26A1727E39E5}.Release|x86.ActiveCfg = Release|Win32
		{7220C596-B73E-4505-8E80-26A1727E39E5}.Release|x86.Build.0 = Release|Win32
	EndGlobalSection
	GlobalSection(SolutionProperties) = preSolution
		HideSolutionNode = FALSE
	EndGlobalSection
	GlobalSection(ExtensibilityGlobals) = postSolution
		SolutionGuid = {5C232259-E859-4989-B4A0-A173BD813A73}
	EndGlobalSection
EndGlobal
